// !$*UTF8*$!
{
	archiveVersion = 1;
	classes = {
	};
	objectVersion = 56;
	objects = {

/* Begin PBXBuildFile section */
		4E2426052C104DEF00FDCED4 /* WBChatAppSUIApp.swift in Sources */ = {isa = PBXBuildFile; fileRef = 4E2426042C104DEF00FDCED4 /* WBChatAppSUIApp.swift */; };
		4E2426072C104DEF00FDCED4 /* ContentView.swift in Sources */ = {isa = PBXBuildFile; fileRef = 4E2426062C104DEF00FDCED4 /* ContentView.swift */; };
		4E2426092C104DF200FDCED4 /* Assets.xcassets in Resources */ = {isa = PBXBuildFile; fileRef = 4E2426082C104DF200FDCED4 /* Assets.xcassets */; };
		4E24260C2C104DF200FDCED4 /* Preview Assets.xcassets in Resources */ = {isa = PBXBuildFile; fileRef = 4E24260B2C104DF200FDCED4 /* Preview Assets.xcassets */; };
		4E2426132C10562E00FDCED4 /* ContentView_TabView.swift in Sources */ = {isa = PBXBuildFile; fileRef = 4E2426122C10562E00FDCED4 /* ContentView_TabView.swift */; };
		4E2426152C10579700FDCED4 /* ContactsScreen.swift in Sources */ = {isa = PBXBuildFile; fileRef = 4E2426142C10579700FDCED4 /* ContactsScreen.swift */; };
		4E2426172C1057A800FDCED4 /* ChatsScreen.swift in Sources */ = {isa = PBXBuildFile; fileRef = 4E2426162C1057A800FDCED4 /* ChatsScreen.swift */; };
		4E2426192C1057BA00FDCED4 /* MoreScreen.swift in Sources */ = {isa = PBXBuildFile; fileRef = 4E2426182C1057BA00FDCED4 /* MoreScreen.swift */; };
		4E24261B2C1060BA00FDCED4 /* WalkthroughView.swift in Sources */ = {isa = PBXBuildFile; fileRef = 4E24261A2C1060BA00FDCED4 /* WalkthroughView.swift */; };
		4E3A330E2C106C8300BFB995 /* Resources.swift in Sources */ = {isa = PBXBuildFile; fileRef = 4E3A330D2C106C8300BFB995 /* Resources.swift */; };
		4E45914C2C17151900025532 /* ContactRow.swift in Sources */ = {isa = PBXBuildFile; fileRef = 4E45914B2C17151900025532 /* ContactRow.swift */; };
		4E45914E2C1717E800025532 /* ContactModel.swift in Sources */ = {isa = PBXBuildFile; fileRef = 4E45914D2C1717E800025532 /* ContactModel.swift */; };
		4E4591562C1727C200025532 /* AvatarView.swift in Sources */ = {isa = PBXBuildFile; fileRef = 4E4591552C1727C200025532 /* AvatarView.swift */; };
		4E4591592C17372800025532 /* SearchBarView.swift in Sources */ = {isa = PBXBuildFile; fileRef = 4E4591582C17372800025532 /* SearchBarView.swift */; };
		4E45915B2C173D0500025532 /* ProfileAccountView.swift in Sources */ = {isa = PBXBuildFile; fileRef = 4E45915A2C173D0500025532 /* ProfileAccountView.swift */; };
		4E78C49E2C1094300046C527 /* VerificationView.swift in Sources */ = {isa = PBXBuildFile; fileRef = 4E78C49D2C1094300046C527 /* VerificationView.swift */; };
		4E78C4A52C109B9F0046C527 /* StatefulButtonStyle.swift in Sources */ = {isa = PBXBuildFile; fileRef = 4E78C4A42C109B9F0046C527 /* StatefulButtonStyle.swift */; };
		4E78C4A72C10A5D60046C527 /* StatefulTextStyle.swift in Sources */ = {isa = PBXBuildFile; fileRef = 4E78C4A62C10A5D60046C527 /* StatefulTextStyle.swift */; };
/* End PBXBuildFile section */

/* Begin PBXFileReference section */
		4E2426012C104DEF00FDCED4 /* WBChatAppSUI.app */ = {isa = PBXFileReference; explicitFileType = wrapper.application; includeInIndex = 0; path = WBChatAppSUI.app; sourceTree = BUILT_PRODUCTS_DIR; };
		4E2426042C104DEF00FDCED4 /* WBChatAppSUIApp.swift */ = {isa = PBXFileReference; lastKnownFileType = sourcecode.swift; path = WBChatAppSUIApp.swift; sourceTree = "<group>"; };
		4E2426062C104DEF00FDCED4 /* ContentView.swift */ = {isa = PBXFileReference; lastKnownFileType = sourcecode.swift; path = ContentView.swift; sourceTree = "<group>"; };
		4E2426082C104DF200FDCED4 /* Assets.xcassets */ = {isa = PBXFileReference; lastKnownFileType = folder.assetcatalog; path = Assets.xcassets; sourceTree = "<group>"; };
		4E24260B2C104DF200FDCED4 /* Preview Assets.xcassets */ = {isa = PBXFileReference; lastKnownFileType = folder.assetcatalog; path = "Preview Assets.xcassets"; sourceTree = "<group>"; };
		4E2426122C10562E00FDCED4 /* ContentView_TabView.swift */ = {isa = PBXFileReference; lastKnownFileType = sourcecode.swift; path = ContentView_TabView.swift; sourceTree = "<group>"; };
		4E2426142C10579700FDCED4 /* ContactsScreen.swift */ = {isa = PBXFileReference; lastKnownFileType = sourcecode.swift; path = ContactsScreen.swift; sourceTree = "<group>"; };
		4E2426162C1057A800FDCED4 /* ChatsScreen.swift */ = {isa = PBXFileReference; lastKnownFileType = sourcecode.swift; path = ChatsScreen.swift; sourceTree = "<group>"; };
		4E2426182C1057BA00FDCED4 /* MoreScreen.swift */ = {isa = PBXFileReference; lastKnownFileType = sourcecode.swift; path = MoreScreen.swift; sourceTree = "<group>"; };
		4E24261A2C1060BA00FDCED4 /* WalkthroughView.swift */ = {isa = PBXFileReference; lastKnownFileType = sourcecode.swift; path = WalkthroughView.swift; sourceTree = "<group>"; };
		4E3A330D2C106C8300BFB995 /* Resources.swift */ = {isa = PBXFileReference; lastKnownFileType = sourcecode.swift; path = Resources.swift; sourceTree = "<group>"; };
		4E3A33142C1085A600BFB995 /* Info.plist */ = {isa = PBXFileReference; lastKnownFileType = text.plist.xml; path = Info.plist; sourceTree = "<group>"; };
		4E45914B2C17151900025532 /* ContactRow.swift */ = {isa = PBXFileReference; lastKnownFileType = sourcecode.swift; path = ContactRow.swift; sourceTree = "<group>"; };
		4E45914D2C1717E800025532 /* ContactModel.swift */ = {isa = PBXFileReference; lastKnownFileType = sourcecode.swift; path = ContactModel.swift; sourceTree = "<group>"; };
		4E4591552C1727C200025532 /* AvatarView.swift */ = {isa = PBXFileReference; lastKnownFileType = sourcecode.swift; path = AvatarView.swift; sourceTree = "<group>"; };
		4E4591582C17372800025532 /* SearchBarView.swift */ = {isa = PBXFileReference; lastKnownFileType = sourcecode.swift; path = SearchBarView.swift; sourceTree = "<group>"; };
		4E45915A2C173D0500025532 /* ProfileAccountView.swift */ = {isa = PBXFileReference; lastKnownFileType = sourcecode.swift; path = ProfileAccountView.swift; sourceTree = "<group>"; };
		4E78C49D2C1094300046C527 /* VerificationView.swift */ = {isa = PBXFileReference; lastKnownFileType = sourcecode.swift; path = VerificationView.swift; sourceTree = "<group>"; };
		4E78C4A42C109B9F0046C527 /* StatefulButtonStyle.swift */ = {isa = PBXFileReference; lastKnownFileType = sourcecode.swift; path = StatefulButtonStyle.swift; sourceTree = "<group>"; };
		4E78C4A62C10A5D60046C527 /* StatefulTextStyle.swift */ = {isa = PBXFileReference; lastKnownFileType = sourcecode.swift; path = StatefulTextStyle.swift; sourceTree = "<group>"; };
/* End PBXFileReference section */

/* Begin PBXFrameworksBuildPhase section */
		4E2425FE2C104DEF00FDCED4 /* Frameworks */ = {
			isa = PBXFrameworksBuildPhase;
			buildActionMask = 2147483647;
			files = (
			);
			runOnlyForDeploymentPostprocessing = 0;
		};
/* End PBXFrameworksBuildPhase section */

/* Begin PBXGroup section */
		4E0174652C18420B005234F8 /* CustomView */ = {
			isa = PBXGroup;
			children = (
				4E4591552C1727C200025532 /* AvatarView.swift */,
			);
			path = CustomView;
			sourceTree = "<group>";
		};
		4E0174682C187885005234F8 /* Model */ = {
			isa = PBXGroup;
			children = (
				4E45914D2C1717E800025532 /* ContactModel.swift */,
			);
			path = Model;
			sourceTree = "<group>";
		};
		4E2425F82C104DEF00FDCED4 = {
			isa = PBXGroup;
			children = (
				4E2426032C104DEF00FDCED4 /* WBChatAppSUI */,
				4E2426022C104DEF00FDCED4 /* Products */,
			);
			sourceTree = "<group>";
		};
		4E2426022C104DEF00FDCED4 /* Products */ = {
			isa = PBXGroup;
			children = (
				4E2426012C104DEF00FDCED4 /* WBChatAppSUI.app */,
			);
			name = Products;
			sourceTree = "<group>";
		};
		4E2426032C104DEF00FDCED4 /* WBChatAppSUI */ = {
			isa = PBXGroup;
			children = (
				4E2426062C104DEF00FDCED4 /* ContentView.swift */,
				4E0174682C187885005234F8 /* Model */,
				4E0174652C18420B005234F8 /* CustomView */,
				4E78C4A12C1096110046C527 /* Support */,
				4E78C4A02C1095FF0046C527 /* Resources */,
				4E78C49F2C1095B70046C527 /* View */,
				4E78C4A32C1096570046C527 /* Screens */,
				4E24260A2C104DF200FDCED4 /* Preview Content */,
			);
			path = WBChatAppSUI;
			sourceTree = "<group>";
		};
		4E24260A2C104DF200FDCED4 /* Preview Content */ = {
			isa = PBXGroup;
			children = (
				4E24260B2C104DF200FDCED4 /* Preview Assets.xcassets */,
			);
			path = "Preview Content";
			sourceTree = "<group>";
		};
		4E4591572C172F9700025532 /* Contacts */ = {
			isa = PBXGroup;
			children = (
				4E2426142C10579700FDCED4 /* ContactsScreen.swift */,
				4E45914B2C17151900025532 /* ContactRow.swift */,
				4E4591582C17372800025532 /* SearchBarView.swift */,
			);
			path = Contacts;
			sourceTree = "<group>";
		};
		4E78C49F2C1095B70046C527 /* View */ = {
			isa = PBXGroup;
			children = (
				4E2426122C10562E00FDCED4 /* ContentView_TabView.swift */,
				4E24261A2C1060BA00FDCED4 /* WalkthroughView.swift */,
				4E78C49D2C1094300046C527 /* VerificationView.swift */,
				4E45915A2C173D0500025532 /* ProfileAccountView.swift */,
			);
			path = View;
			sourceTree = "<group>";
		};
		4E78C4A02C1095FF0046C527 /* Resources */ = {
			isa = PBXGroup;
			children = (
				4E78C4A42C109B9F0046C527 /* StatefulButtonStyle.swift */,
				4E78C4A62C10A5D60046C527 /* StatefulTextStyle.swift */,
				4E3A330D2C106C8300BFB995 /* Resources.swift */,
				4E2426082C104DF200FDCED4 /* Assets.xcassets */,
			);
			path = Resources;
			sourceTree = "<group>";
		};
		4E78C4A12C1096110046C527 /* Support */ = {
			isa = PBXGroup;
			children = (
				4E3A33142C1085A600BFB995 /* Info.plist */,
				4E2426042C104DEF00FDCED4 /* WBChatAppSUIApp.swift */,
			);
			path = Support;
			sourceTree = "<group>";
		};
		4E78C4A32C1096570046C527 /* Screens */ = {
			isa = PBXGroup;
			children = (
				4E4591572C172F9700025532 /* Contacts */,
				4E2426162C1057A800FDCED4 /* ChatsScreen.swift */,
				4E2426182C1057BA00FDCED4 /* MoreScreen.swift */,
			);
			path = Screens;
			sourceTree = "<group>";
		};
/* End PBXGroup section */

/* Begin PBXNativeTarget section */
		4E2426002C104DEF00FDCED4 /* WBChatAppSUI */ = {
			isa = PBXNativeTarget;
			buildConfigurationList = 4E24260F2C104DF200FDCED4 /* Build configuration list for PBXNativeTarget "WBChatAppSUI" */;
			buildPhases = (
				4E2425FD2C104DEF00FDCED4 /* Sources */,
				4E2425FE2C104DEF00FDCED4 /* Frameworks */,
				4E2425FF2C104DEF00FDCED4 /* Resources */,
			);
			buildRules = (
			);
			dependencies = (
			);
			name = WBChatAppSUI;
			productName = WBChatAppSUI;
			productReference = 4E2426012C104DEF00FDCED4 /* WBChatAppSUI.app */;
			productType = "com.apple.product-type.application";
		};
/* End PBXNativeTarget section */

/* Begin PBXProject section */
		4E2425F92C104DEF00FDCED4 /* Project object */ = {
			isa = PBXProject;
			attributes = {
				BuildIndependentTargetsInParallel = 1;
				LastSwiftUpdateCheck = 1420;
				LastUpgradeCheck = 1420;
				TargetAttributes = {
					4E2426002C104DEF00FDCED4 = {
						CreatedOnToolsVersion = 14.2;
					};
				};
			};
			buildConfigurationList = 4E2425FC2C104DEF00FDCED4 /* Build configuration list for PBXProject "WBChatAppSUI" */;
			compatibilityVersion = "Xcode 14.0";
			developmentRegion = en;
			hasScannedForEncodings = 0;
			knownRegions = (
				en,
				Base,
			);
			mainGroup = 4E2425F82C104DEF00FDCED4;
			productRefGroup = 4E2426022C104DEF00FDCED4 /* Products */;
			projectDirPath = "";
			projectRoot = "";
			targets = (
				4E2426002C104DEF00FDCED4 /* WBChatAppSUI */,
			);
		};
/* End PBXProject section */

/* Begin PBXResourcesBuildPhase section */
		4E2425FF2C104DEF00FDCED4 /* Resources */ = {
			isa = PBXResourcesBuildPhase;
			buildActionMask = 2147483647;
			files = (
				4E24260C2C104DF200FDCED4 /* Preview Assets.xcassets in Resources */,
				4E2426092C104DF200FDCED4 /* Assets.xcassets in Resources */,
			);
			runOnlyForDeploymentPostprocessing = 0;
		};
/* End PBXResourcesBuildPhase section */

/* Begin PBXSourcesBuildPhase section */
		4E2425FD2C104DEF00FDCED4 /* Sources */ = {
			isa = PBXSourcesBuildPhase;
			buildActionMask = 2147483647;
			files = (
				4E2426072C104DEF00FDCED4 /* ContentView.swift in Sources */,
				4E2426172C1057A800FDCED4 /* ChatsScreen.swift in Sources */,
				4E4591592C17372800025532 /* SearchBarView.swift in Sources */,
				4E2426192C1057BA00FDCED4 /* MoreScreen.swift in Sources */,
				4E2426132C10562E00FDCED4 /* ContentView_TabView.swift in Sources */,
				4E24261B2C1060BA00FDCED4 /* WalkthroughView.swift in Sources */,
				4E78C4A52C109B9F0046C527 /* StatefulButtonStyle.swift in Sources */,
				4E78C4A72C10A5D60046C527 /* StatefulTextStyle.swift in Sources */,
				4E3A330E2C106C8300BFB995 /* Resources.swift in Sources */,
				4E78C49E2C1094300046C527 /* VerificationView.swift in Sources */,
				4E4591562C1727C200025532 /* AvatarView.swift in Sources */,
				4E2426152C10579700FDCED4 /* ContactsScreen.swift in Sources */,
				4E45915B2C173D0500025532 /* ProfileAccountView.swift in Sources */,
				4E2426052C104DEF00FDCED4 /* WBChatAppSUIApp.swift in Sources */,
				4E45914E2C1717E800025532 /* ContactModel.swift in Sources */,
				4E45914C2C17151900025532 /* ContactRow.swift in Sources */,
			);
			runOnlyForDeploymentPostprocessing = 0;
		};
/* End PBXSourcesBuildPhase section */

/* Begin XCBuildConfiguration section */
		4E24260D2C104DF200FDCED4 /* Debug */ = {
			isa = XCBuildConfiguration;
			buildSettings = {
				ALWAYS_SEARCH_USER_PATHS = NO;
				CLANG_ANALYZER_NONNULL = YES;
				CLANG_ANALYZER_NUMBER_OBJECT_CONVERSION = YES_AGGRESSIVE;
				CLANG_CXX_LANGUAGE_STANDARD = "gnu++20";
				CLANG_ENABLE_MODULES = YES;
				CLANG_ENABLE_OBJC_ARC = YES;
				CLANG_ENABLE_OBJC_WEAK = YES;
				CLANG_WARN_BLOCK_CAPTURE_AUTORELEASING = YES;
				CLANG_WARN_BOOL_CONVERSION = YES;
				CLANG_WARN_COMMA = YES;
				CLANG_WARN_CONSTANT_CONVERSION = YES;
				CLANG_WARN_DEPRECATED_OBJC_IMPLEMENTATIONS = YES;
				CLANG_WARN_DIRECT_OBJC_ISA_USAGE = YES_ERROR;
				CLANG_WARN_DOCUMENTATION_COMMENTS = YES;
				CLANG_WARN_EMPTY_BODY = YES;
				CLANG_WARN_ENUM_CONVERSION = YES;
				CLANG_WARN_INFINITE_RECURSION = YES;
				CLANG_WARN_INT_CONVERSION = YES;
				CLANG_WARN_NON_LITERAL_NULL_CONVERSION = YES;
				CLANG_WARN_OBJC_IMPLICIT_RETAIN_SELF = YES;
				CLANG_WARN_OBJC_LITERAL_CONVERSION = YES;
				CLANG_WARN_OBJC_ROOT_CLASS = YES_ERROR;
				CLANG_WARN_QUOTED_INCLUDE_IN_FRAMEWORK_HEADER = YES;
				CLANG_WARN_RANGE_LOOP_ANALYSIS = YES;
				CLANG_WARN_STRICT_PROTOTYPES = YES;
				CLANG_WARN_SUSPICIOUS_MOVE = YES;
				CLANG_WARN_UNGUARDED_AVAILABILITY = YES_AGGRESSIVE;
				CLANG_WARN_UNREACHABLE_CODE = YES;
				CLANG_WARN__DUPLICATE_METHOD_MATCH = YES;
				COPY_PHASE_STRIP = NO;
				DEBUG_INFORMATION_FORMAT = dwarf;
				ENABLE_STRICT_OBJC_MSGSEND = YES;
				ENABLE_TESTABILITY = YES;
				GCC_C_LANGUAGE_STANDARD = gnu11;
				GCC_DYNAMIC_NO_PIC = NO;
				GCC_NO_COMMON_BLOCKS = YES;
				GCC_OPTIMIZATION_LEVEL = 0;
				GCC_PREPROCESSOR_DEFINITIONS = (
					"DEBUG=1",
					"$(inherited)",
				);
				GCC_WARN_64_TO_32_BIT_CONVERSION = YES;
				GCC_WARN_ABOUT_RETURN_TYPE = YES_ERROR;
				GCC_WARN_UNDECLARED_SELECTOR = YES;
				GCC_WARN_UNINITIALIZED_AUTOS = YES_AGGRESSIVE;
				GCC_WARN_UNUSED_FUNCTION = YES;
				GCC_WARN_UNUSED_VARIABLE = YES;
				IPHONEOS_DEPLOYMENT_TARGET = 16.2;
				MTL_ENABLE_DEBUG_INFO = INCLUDE_SOURCE;
				MTL_FAST_MATH = YES;
				ONLY_ACTIVE_ARCH = YES;
				SDKROOT = iphoneos;
				SWIFT_ACTIVE_COMPILATION_CONDITIONS = DEBUG;
				SWIFT_OPTIMIZATION_LEVEL = "-Onone";
			};
			name = Debug;
		};
		4E24260E2C104DF200FDCED4 /* Release */ = {
			isa = XCBuildConfiguration;
			buildSettings = {
				ALWAYS_SEARCH_USER_PATHS = NO;
				CLANG_ANALYZER_NONNULL = YES;
				CLANG_ANALYZER_NUMBER_OBJECT_CONVERSION = YES_AGGRESSIVE;
				CLANG_CXX_LANGUAGE_STANDARD = "gnu++20";
				CLANG_ENABLE_MODULES = YES;
				CLANG_ENABLE_OBJC_ARC = YES;
				CLANG_ENABLE_OBJC_WEAK = YES;
				CLANG_WARN_BLOCK_CAPTURE_AUTORELEASING = YES;
				CLANG_WARN_BOOL_CONVERSION = YES;
				CLANG_WARN_COMMA = YES;
				CLANG_WARN_CONSTANT_CONVERSION = YES;
				CLANG_WARN_DEPRECATED_OBJC_IMPLEMENTATIONS = YES;
				CLANG_WARN_DIRECT_OBJC_ISA_USAGE = YES_ERROR;
				CLANG_WARN_DOCUMENTATION_COMMENTS = YES;
				CLANG_WARN_EMPTY_BODY = YES;
				CLANG_WARN_ENUM_CONVERSION = YES;
				CLANG_WARN_INFINITE_RECURSION = YES;
				CLANG_WARN_INT_CONVERSION = YES;
				CLANG_WARN_NON_LITERAL_NULL_CONVERSION = YES;
				CLANG_WARN_OBJC_IMPLICIT_RETAIN_SELF = YES;
				CLANG_WARN_OBJC_LITERAL_CONVERSION = YES;
				CLANG_WARN_OBJC_ROOT_CLASS = YES_ERROR;
				CLANG_WARN_QUOTED_INCLUDE_IN_FRAMEWORK_HEADER = YES;
				CLANG_WARN_RANGE_LOOP_ANALYSIS = YES;
				CLANG_WARN_STRICT_PROTOTYPES = YES;
				CLANG_WARN_SUSPICIOUS_MOVE = YES;
				CLANG_WARN_UNGUARDED_AVAILABILITY = YES_AGGRESSIVE;
				CLANG_WARN_UNREACHABLE_CODE = YES;
				CLANG_WARN__DUPLICATE_METHOD_MATCH = YES;
				COPY_PHASE_STRIP = NO;
				DEBUG_INFORMATION_FORMAT = "dwarf-with-dsym";
				ENABLE_NS_ASSERTIONS = NO;
				ENABLE_STRICT_OBJC_MSGSEND = YES;
				GCC_C_LANGUAGE_STANDARD = gnu11;
				GCC_NO_COMMON_BLOCKS = YES;
				GCC_WARN_64_TO_32_BIT_CONVERSION = YES;
				GCC_WARN_ABOUT_RETURN_TYPE = YES_ERROR;
				GCC_WARN_UNDECLARED_SELECTOR = YES;
				GCC_WARN_UNINITIALIZED_AUTOS = YES_AGGRESSIVE;
				GCC_WARN_UNUSED_FUNCTION = YES;
				GCC_WARN_UNUSED_VARIABLE = YES;
				IPHONEOS_DEPLOYMENT_TARGET = 16.2;
				MTL_ENABLE_DEBUG_INFO = NO;
				MTL_FAST_MATH = YES;
				SDKROOT = iphoneos;
				SWIFT_COMPILATION_MODE = wholemodule;
				SWIFT_OPTIMIZATION_LEVEL = "-O";
				VALIDATE_PRODUCT = YES;
			};
			name = Release;
		};
		4E2426102C104DF200FDCED4 /* Debug */ = {
			isa = XCBuildConfiguration;
			buildSettings = {
				ASSETCATALOG_COMPILER_APPICON_NAME = AppIcon;
				ASSETCATALOG_COMPILER_GLOBAL_ACCENT_COLOR_NAME = AccentColor;
				CODE_SIGN_STYLE = Automatic;
				CURRENT_PROJECT_VERSION = 1;
				DEVELOPMENT_ASSET_PATHS = "\"WBChatAppSUI/Preview Content\"";
				ENABLE_PREVIEWS = YES;
				GENERATE_INFOPLIST_FILE = YES;
				INFOPLIST_FILE = WBChatAppSUI/Support/Info.plist;
				INFOPLIST_KEY_UIApplicationSceneManifest_Generation = YES;
				INFOPLIST_KEY_UIApplicationSupportsIndirectInputEvents = YES;
				INFOPLIST_KEY_UILaunchScreen_Generation = YES;
				INFOPLIST_KEY_UISupportedInterfaceOrientations_iPad = "UIInterfaceOrientationPortrait UIInterfaceOrientationPortraitUpsideDown UIInterfaceOrientationLandscapeLeft UIInterfaceOrientationLandscapeRight";
				INFOPLIST_KEY_UISupportedInterfaceOrientations_iPhone = "UIInterfaceOrientationPortrait UIInterfaceOrientationLandscapeLeft UIInterfaceOrientationLandscapeRight";
				LD_RUNPATH_SEARCH_PATHS = (
					"$(inherited)",
					"@executable_path/Frameworks",
				);
				MARKETING_VERSION = 1.0;
				PRODUCT_BUNDLE_IDENTIFIER = ru.dqueen.WBChatAppSUI;
				PRODUCT_NAME = "$(TARGET_NAME)";
				SWIFT_EMIT_LOC_STRINGS = YES;
				SWIFT_VERSION = 5.0;
				TARGETED_DEVICE_FAMILY = "1,2";
			};
			name = Debug;
		};
		4E2426112C104DF200FDCED4 /* Release */ = {
			isa = XCBuildConfiguration;
			buildSettings = {
				ASSETCATALOG_COMPILER_APPICON_NAME = AppIcon;
				ASSETCATALOG_COMPILER_GLOBAL_ACCENT_COLOR_NAME = AccentColor;
				CODE_SIGN_STYLE = Automatic;
				CURRENT_PROJECT_VERSION = 1;
				DEVELOPMENT_ASSET_PATHS = "\"WBChatAppSUI/Preview Content\"";
				ENABLE_PREVIEWS = YES;
				GENERATE_INFOPLIST_FILE = YES;
				INFOPLIST_FILE = WBChatAppSUI/Support/Info.plist;
				INFOPLIST_KEY_UIApplicationSceneManifest_Generation = YES;
				INFOPLIST_KEY_UIApplicationSupportsIndirectInputEvents = YES;
				INFOPLIST_KEY_UILaunchScreen_Generation = YES;
				INFOPLIST_KEY_UISupportedInterfaceOrientations_iPad = "UIInterfaceOrientationPortrait UIInterfaceOrientationPortraitUpsideDown UIInterfaceOrientationLandscapeLeft UIInterfaceOrientationLandscapeRight";
				INFOPLIST_KEY_UISupportedInterfaceOrientations_iPhone = "UIInterfaceOrientationPortrait UIInterfaceOrientationLandscapeLeft UIInterfaceOrientationLandscapeRight";
				LD_RUNPATH_SEARCH_PATHS = (
					"$(inherited)",
					"@executable_path/Frameworks",
				);
				MARKETING_VERSION = 1.0;
				PRODUCT_BUNDLE_IDENTIFIER = ru.dqueen.WBChatAppSUI;
				PRODUCT_NAME = "$(TARGET_NAME)";
				SWIFT_EMIT_LOC_STRINGS = YES;
				SWIFT_VERSION = 5.0;
				TARGETED_DEVICE_FAMILY = "1,2";
			};
			name = Release;
		};
/* End XCBuildConfiguration section */

/* Begin XCConfigurationList section */
		4E2425FC2C104DEF00FDCED4 /* Build configuration list for PBXProject "WBChatAppSUI" */ = {
			isa = XCConfigurationList;
			buildConfigurations = (
				4E24260D2C104DF200FDCED4 /* Debug */,
				4E24260E2C104DF200FDCED4 /* Release */,
			);
			defaultConfigurationIsVisible = 0;
			defaultConfigurationName = Release;
		};
		4E24260F2C104DF200FDCED4 /* Build configuration list for PBXNativeTarget "WBChatAppSUI" */ = {
			isa = XCConfigurationList;
			buildConfigurations = (
				4E2426102C104DF200FDCED4 /* Debug */,
				4E2426112C104DF200FDCED4 /* Release */,
			);
			defaultConfigurationIsVisible = 0;
			defaultConfigurationName = Release;
		};
/* End XCConfigurationList section */
	};
	rootObject = 4E2425F92C104DEF00FDCED4 /* Project object */;
}
